Microsoft Visual Studio Solution File, Format Version 12.00
# Visual Studio Version 17
VisualStudioVersion = 17.2.32602.215
MinimumVisualStudioVersion = 10.0.40219.1
Project("{9A19103F-16F7-4668-BE54-9A1E7A4F7556}") = "Domain", "Domain\Domain.csproj", "{37F4B6A1-E07B-4A4A-8509-5D91D381D9B5}"
EndProject
Project("{9A19103F-16F7-4668-BE54-9A1E7A4F7556}") = "DataAccess.EFCore", "DataAccess.EFCore\DataAccess.EFCore.csproj", "{CECE85E4-E0CB-4612-AD08-5AF0E36F4E68}"
EndProject
Project("{2150E333-8FDC-42A3-9474-1A3956D46DE8}") = "Solution Items", "Solution Items", "{DAE8E8D7-938B-41A5-A832-3C63CD4658CC}"
	ProjectSection(SolutionItems) = preProject
		.editorconfig = .editorconfig
	EndProjectSection
EndProject
Project("{9A19103F-16F7-4668-BE54-9A1E7A4F7556}") = "Services", "Services\Services.csproj", "{71F1871D-21D7-4D71-B2D3-48B3D5707109}"
EndProject
Project("{FAE04EC0-301F-11D3-BF4B-00C04F79EFBC}") = "DbSeeder", "DbSeeder\DbSeeder.csproj", "{48D8B95E-8B68-4E05-A3E4-0EB3C723613E}"
EndProject
Project("{FAE04EC0-301F-11D3-BF4B-00C04F79EFBC}") = "Hermes_Console", "Hermes_Console\Hermes_Console.csproj", "{D1D1D1D1-0000-0000-0000-000000000000}"
EndProject
Global
	GlobalSection(SolutionConfigurationPlatforms) = preSolution
		Debug|Any CPU = Debug|Any CPU
		Release|Any CPU = Release|Any CPU
	EndGlobalSection
	GlobalSection(ProjectConfigurationPlatforms) = postSolution
		{37F4B6A1-E07B-4A4A-8509-5D91D381D9B5}.Debug|Any CPU.ActiveCfg = Debug|Any CPU
		{37F4B6A1-E07B-4A4A-8509-5D91D381D9B5}.Debug|Any CPU.Build.0 = Debug|Any CPU
		{37F4B6A1-E07B-4A4A-8509-5D91D381D9B5}.Release|Any CPU.ActiveCfg = Release|Any CPU
		{37F4B6A1-E07B-4A4A-8509-5D91D381D9B5}.Release|Any CPU.Build.0 = Release|Any CPU
		{CECE85E4-E0CB-4612-AD08-5AF0E36F4E68}.Debug|Any CPU.ActiveCfg = Debug|Any CPU
		{CECE85E4-E0CB-4612-AD08-5AF0E36F4E68}.Debug|Any CPU.Build.0 = Debug|Any CPU
		{CECE85E4-E0CB-4612-AD08-5AF0E36F4E68}.Release|Any CPU.ActiveCfg = Release|Any CPU
		{CECE85E4-E0CB-4612-AD08-5AF0E36F4E68}.Release|Any CPU.Build.0 = Release|Any CPU
		{71F1871D-21D7-4D71-B2D3-48B3D5707109}.Debug|Any CPU.ActiveCfg = Debug|Any CPU
		{71F1871D-21D7-4D71-B2D3-48B3D5707109}.Debug|Any CPU.Build.0 = Debug|Any CPU
		{71F1871D-21D7-4D71-B2D3-48B3D5707109}.Release|Any CPU.ActiveCfg = Release|Any CPU
		{71F1871D-21D7-4D71-B2D3-48B3D5707109}.Release|Any CPU.Build.0 = Release|Any CPU
		{48D8B95E-8B68-4E05-A3E4-0EB3C723613E}.Debug|Any CPU.ActiveCfg = Debug|Any CPU
		{48D8B95E-8B68-4E05-A3E4-0EB3C723613E}.Debug|Any CPU.Build.0 = Debug|Any CPU
		{48D8B95E-8B68-4E05-A3E4-0EB3C723613E}.Release|Any CPU.ActiveCfg = Release|Any CPU
		{48D8B95E-8B68-4E05-A3E4-0EB3C723613E}.Release|Any CPU.Build.0 = Release|Any CPU
		{D1D1D1D1-0000-0000-0000-000000000000}.Debug|Any CPU.ActiveCfg = Debug|Any CPU
		{D1D1D1D1-0000-0000-0000-000000000000}.Debug|Any CPU.Build.0 = Debug|Any CPU
		{D1D1D1D1-0000-0000-0000-000000000000}.Release|Any CPU.ActiveCfg = Release|Any CPU
		{D1D1D1D1-0000-0000-0000-000000000000}.Release|Any CPU.Build.0 = Release|Any CPU
	EndGlobalSection
	GlobalSection(SolutionProperties) = preSolution
		HideSolutionNode = FALSE
	EndGlobalSection
	GlobalSection(ExtensibilityGlobals) = postSolution
		SolutionGuid = {D607521E-6E2F-4301-B9DD-AC8C6AD60D80}
	EndGlobalSection
EndGlobal
